
Microsoft Visual Studio Solution File, Format Version 12.00
# Visual Studio Version 16
VisualStudioVersion = 16.0.30002.166
MinimumVisualStudioVersion = 10.0.40219.1
Project("{FAE04EC0-301F-11D3-BF4B-00C04F79EFBC}") = "vartsZombieMod", "vartsZombieMod\vartsZombieMod.csproj", "{10063BA1-7326-48DE-BCDE-1C14DCC312DF}"
EndProject
Global
	GlobalSection(SolutionConfigurationPlatforms) = preSolution
		Debug|Any CPU = Debug|Any CPU
		Release|Any CPU = Release|Any CPU
	EndGlobalSection
	GlobalSection(ProjectConfigurationPlatforms) = postSolution
		{10063BA1-7326-48DE-BCDE-1C14DCC312DF}.Debug|Any CPU.ActiveCfg = Debug|Any CPU
		{10063BA1-7326-48DE-BCDE-1C14DCC312DF}.Debug|Any CPU.Build.0 = Debug|Any CPU
		{10063BA1-7326-48DE-BCDE-1C14DCC312DF}.Release|Any CPU.ActiveCfg = Release|Any CPU
		{10063BA1-7326-48DE-BCDE-1C14DCC312DF}.Release|Any CPU.Build.0 = Release|Any CPU
	EndGlobalSection
	GlobalSection(SolutionProperties) = preSolution
		HideSolutionNode = FALSE
	EndGlobalSection
	GlobalSection(ExtensibilityGlobals) = postSolution
		SolutionGuid = {3616C0B1-08F0-4BE6-9E74-EC979EDD9959}
	EndGlobalSection
EndGlobal
