
Microsoft Visual Studio Solution File, Format Version 12.00
# Visual Studio 15
VisualStudioVersion = 15.0.28307.421
MinimumVisualStudioVersion = 10.0.40219.1
Project("{FAE04EC0-301F-11D3-BF4B-00C04F79EFBC}") = "helloBannerlord", "helloBannerlord\helloBannerlord.csproj", "{60D4849D-91E6-4606-A2A2-0CA08A917644}"
EndProject
Global
	GlobalSection(SolutionConfigurationPlatforms) = preSolution
		Debug|Any CPU = Debug|Any CPU
		Release|Any CPU = Release|Any CPU
	EndGlobalSection
	GlobalSection(ProjectConfigurationPlatforms) = postSolution
		{60D4849D-91E6-4606-A2A2-0CA08A917644}.Debug|Any CPU.ActiveCfg = Debug|Any CPU
		{60D4849D-91E6-4606-A2A2-0CA08A917644}.Debug|Any CPU.Build.0 = Debug|Any CPU
		{60D4849D-91E6-4606-A2A2-0CA08A917644}.Release|Any CPU.ActiveCfg = Release|Any CPU
		{60D4849D-91E6-4606-A2A2-0CA08A917644}.Release|Any CPU.Build.0 = Release|Any CPU
	EndGlobalSection
	GlobalSection(SolutionProperties) = preSolution
		HideSolutionNode = FALSE
	EndGlobalSection
	GlobalSection(ExtensibilityGlobals) = postSolution
		SolutionGuid = {FF9CC822-7C11-469F-9890-5EE1065951F0}
	EndGlobalSection
EndGlobal
